// !$*UTF8*$!
{
	archiveVersion = 1;
	classes = {
	};
	objectVersion = 50;
	objects = {

/* Begin PBXBuildFile section */
		6DE77AC46A0ACFE274B42E53 /* Pods_ApiRestClient.framework in Frameworks */ = {isa = PBXBuildFile; fileRef = 1EC962EC97503BE907D47674 /* Pods_ApiRestClient.framework */; };
		AF7D10EB25036476000EAE98 /* ApiRestClient.h in Headers */ = {isa = PBXBuildFile; fileRef = AF7D10E925036476000EAE98 /* ApiRestClient.h */; settings = {ATTRIBUTES = (Public, ); }; };
		AF7D10F32503672E000EAE98 /* ApiRestServices.swift in Sources */ = {isa = PBXBuildFile; fileRef = AF7D10F22503672E000EAE98 /* ApiRestServices.swift */; };
		AF7D10F5250367B6000EAE98 /* ApiRestClient.podspec in Resources */ = {isa = PBXBuildFile; fileRef = AF7D10F4250367B6000EAE98 /* ApiRestClient.podspec */; };
/* End PBXBuildFile section */

/* Begin PBXFileReference section */
		1EC962EC97503BE907D47674 /* Pods_ApiRestClient.framework */ = {isa = PBXFileReference; explicitFileType = wrapper.framework; includeInIndex = 0; path = Pods_ApiRestClient.framework; sourceTree = BUILT_PRODUCTS_DIR; };
		AEA5CE4F45F917F1D6DA7918 /* Pods-ApiRestClient.debug.xcconfig */ = {isa = PBXFileReference; includeInIndex = 1; lastKnownFileType = text.xcconfig; name = "Pods-ApiRestClient.debug.xcconfig"; path = "Target Support Files/Pods-ApiRestClient/Pods-ApiRestClient.debug.xcconfig"; sourceTree = "<group>"; };
		AF7D10E625036476000EAE98 /* ApiRestClient.framework */ = {isa = PBXFileReference; explicitFileType = wrapper.framework; includeInIndex = 0; path = ApiRestClient.framework; sourceTree = BUILT_PRODUCTS_DIR; };
		AF7D10E925036476000EAE98 /* ApiRestClient.h */ = {isa = PBXFileReference; lastKnownFileType = sourcecode.c.h; path = ApiRestClient.h; sourceTree = "<group>"; };
		AF7D10EA25036476000EAE98 /* Info.plist */ = {isa = PBXFileReference; lastKnownFileType = text.plist.xml; path = Info.plist; sourceTree = "<group>"; };
		AF7D10F22503672E000EAE98 /* ApiRestServices.swift */ = {isa = PBXFileReference; lastKnownFileType = sourcecode.swift; path = ApiRestServices.swift; sourceTree = "<group>"; };
		AF7D10F4250367B6000EAE98 /* ApiRestClient.podspec */ = {isa = PBXFileReference; fileEncoding = 4; lastKnownFileType = text; path = ApiRestClient.podspec; sourceTree = "<group>"; };
		ED1F8ED5D1D9A8EC70A24571 /* Pods-ApiRestClient.release.xcconfig */ = {isa = PBXFileReference; includeInIndex = 1; lastKnownFileType = text.xcconfig; name = "Pods-ApiRestClient.release.xcconfig"; path = "Target Support Files/Pods-ApiRestClient/Pods-ApiRestClient.release.xcconfig"; sourceTree = "<group>"; };
/* End PBXFileReference section */

/* Begin PBXFrameworksBuildPhase section */
		AF7D10E325036476000EAE98 /* Frameworks */ = {
			isa = PBXFrameworksBuildPhase;
			buildActionMask = 2147483647;
			files = (
				6DE77AC46A0ACFE274B42E53 /* Pods_ApiRestClient.framework in Frameworks */,
			);
			runOnlyForDeploymentPostprocessing = 0;
		};
/* End PBXFrameworksBuildPhase section */

/* Begin PBXGroup section */
		1A57D63D31C8E5D6A9A8C872 /* Pods */ = {
			isa = PBXGroup;
			children = (
				AEA5CE4F45F917F1D6DA7918 /* Pods-ApiRestClient.debug.xcconfig */,
				ED1F8ED5D1D9A8EC70A24571 /* Pods-ApiRestClient.release.xcconfig */,
			);
			path = Pods;
			sourceTree = "<group>";
		};
		3D60BE4185BDDD43D4E7A75B /* Frameworks */ = {
			isa = PBXGroup;
			children = (
				1EC962EC97503BE907D47674 /* Pods_ApiRestClient.framework */,
			);
			name = Frameworks;
			sourceTree = "<group>";
		};
		AF7D10DC25036476000EAE98 = {
			isa = PBXGroup;
			children = (
				AF7D10F4250367B6000EAE98 /* ApiRestClient.podspec */,
				AF7D10E825036476000EAE98 /* ApiRestClient */,
				AF7D10E725036476000EAE98 /* Products */,
				1A57D63D31C8E5D6A9A8C872 /* Pods */,
				3D60BE4185BDDD43D4E7A75B /* Frameworks */,
			);
			sourceTree = "<group>";
		};
		AF7D10E725036476000EAE98 /* Products */ = {
			isa = PBXGroup;
			children = (
				AF7D10E625036476000EAE98 /* ApiRestClient.framework */,
			);
			name = Products;
			sourceTree = "<group>";
		};
		AF7D10E825036476000EAE98 /* ApiRestClient */ = {
			isa = PBXGroup;
			children = (
				AF7D10F1250366F9000EAE98 /* classes */,
				AF7D10E925036476000EAE98 /* ApiRestClient.h */,
				AF7D10EA25036476000EAE98 /* Info.plist */,
			);
			path = ApiRestClient;
			sourceTree = "<group>";
		};
		AF7D10F1250366F9000EAE98 /* classes */ = {
			isa = PBXGroup;
			children = (
				AF7D10F22503672E000EAE98 /* ApiRestServices.swift */,
			);
			path = classes;
			sourceTree = "<group>";
		};
/* End PBXGroup section */

/* Begin PBXHeadersBuildPhase section */
		AF7D10E125036476000EAE98 /* Headers */ = {
			isa = PBXHeadersBuildPhase;
			buildActionMask = 2147483647;
			files = (
				AF7D10EB25036476000EAE98 /* ApiRestClient.h in Headers */,
			);
			runOnlyForDeploymentPostprocessing = 0;
		};
/* End PBXHeadersBuildPhase section */

/* Begin PBXNativeTarget section */
		AF7D10E525036476000EAE98 /* ApiRestClient */ = {
			isa = PBXNativeTarget;
			buildConfigurationList = AF7D10EE25036476000EAE98 /* Build configuration list for PBXNativeTarget "ApiRestClient" */;
			buildPhases = (
				D58258A3D721A16B1572F2D0 /* [CP] Check Pods Manifest.lock */,
				AF7D10E125036476000EAE98 /* Headers */,
				AF7D10E225036476000EAE98 /* Sources */,
				AF7D10E325036476000EAE98 /* Frameworks */,
				AF7D10E425036476000EAE98 /* Resources */,
			);
			buildRules = (
			);
			dependencies = (
			);
			name = ApiRestClient;
			productName = ApiRestClient;
			productReference = AF7D10E625036476000EAE98 /* ApiRestClient.framework */;
			productType = "com.apple.product-type.framework";
		};
/* End PBXNativeTarget section */

/* Begin PBXProject section */
		AF7D10DD25036476000EAE98 /* Project object */ = {
			isa = PBXProject;
			attributes = {
				LastUpgradeCheck = 1170;
				ORGANIZATIONNAME = 3pies;
				TargetAttributes = {
					AF7D10E525036476000EAE98 = {
						CreatedOnToolsVersion = 11.7;
						LastSwiftMigration = 1170;
					};
				};
			};
			buildConfigurationList = AF7D10E025036476000EAE98 /* Build configuration list for PBXProject "ApiRestClient" */;
			compatibilityVersion = "Xcode 9.3";
			developmentRegion = en;
			hasScannedForEncodings = 0;
			knownRegions = (
				en,
				Base,
			);
			mainGroup = AF7D10DC25036476000EAE98;
			productRefGroup = AF7D10E725036476000EAE98 /* Products */;
			projectDirPath = "";
			projectRoot = "";
			targets = (
				AF7D10E525036476000EAE98 /* ApiRestClient */,
			);
		};
/* End PBXProject section */

/* Begin PBXResourcesBuildPhase section */
		AF7D10E425036476000EAE98 /* Resources */ = {
			isa = PBXResourcesBuildPhase;
			buildActionMask = 2147483647;
			files = (
				AF7D10F5250367B6000EAE98 /* ApiRestClient.podspec in Resources */,
			);
			runOnlyForDeploymentPostprocessing = 0;
		};
/* End PBXResourcesBuildPhase section */

/* Begin PBXShellScriptBuildPhase section */
		D58258A3D721A16B1572F2D0 /* [CP] Check Pods Manifest.lock */ = {
			isa = PBXShellScriptBuildPhase;
			buildActionMask = 2147483647;
			files = (
			);
			inputFileListPaths = (
			);
			inputPaths = (
				"${PODS_PODFILE_DIR_PATH}/Podfile.lock",
				"${PODS_ROOT}/Manifest.lock",
			);
			name = "[CP] Check Pods Manifest.lock";
			outputFileListPaths = (
			);
			outputPaths = (
				"$(DERIVED_FILE_DIR)/Pods-ApiRestClient-checkManifestLockResult.txt",
			);
			runOnlyForDeploymentPostprocessing = 0;
			shellPath = /bin/sh;
			shellScript = "diff \"${PODS_PODFILE_DIR_PATH}/Podfile.lock\" \"${PODS_ROOT}/Manifest.lock\" > /dev/null\nif [ $? != 0 ] ; then\n    # print error to STDERR\n    echo \"error: The sandbox is not in sync with the Podfile.lock. Run 'pod install' or update your CocoaPods installation.\" >&2\n    exit 1\nfi\n# This output is used by Xcode 'outputs' to avoid re-running this script phase.\necho \"SUCCESS\" > \"${SCRIPT_OUTPUT_FILE_0}\"\n";
			showEnvVarsInLog = 0;
		};
/* End PBXShellScriptBuildPhase section */

/* Begin PBXSourcesBuildPhase section */
		AF7D10E225036476000EAE98 /* Sources */ = {
			isa = PBXSourcesBuildPhase;
			buildActionMask = 2147483647;
			files = (
				AF7D10F32503672E000EAE98 /* ApiRestServices.swift in Sources */,
			);
			runOnlyForDeploymentPostprocessing = 0;
		};
/* End PBXSourcesBuildPhase section */

/* Begin XCBuildConfiguration section */
		AF7D10EC25036476000EAE98 /* Debug */ = {
			isa = XCBuildConfiguration;
			buildSettings = {
				ALWAYS_SEARCH_USER_PATHS = NO;
				CLANG_ANALYZER_NONNULL = YES;
				CLANG_ANALYZER_NUMBER_OBJECT_CONVERSION = YES_AGGRESSIVE;
				CLANG_CXX_LANGUAGE_STANDARD = "gnu++14";
				CLANG_CXX_LIBRARY = "libc++";
				CLANG_ENABLE_MODULES = YES;
				CLANG_ENABLE_OBJC_ARC = YES;
				CLANG_ENABLE_OBJC_WEAK = YES;
				CLANG_WARN_BLOCK_CAPTURE_AUTORELEASING = YES;
				CLANG_WARN_BOOL_CONVERSION = YES;
				CLANG_WARN_COMMA = YES;
				CLANG_WARN_CONSTANT_CONVERSION = YES;
				CLANG_WARN_DEPRECATED_OBJC_IMPLEMENTATIONS = YES;
				CLANG_WARN_DIRECT_OBJC_ISA_USAGE = YES_ERROR;
				CLANG_WARN_DOCUMENTATION_COMMENTS = YES;
				CLANG_WARN_EMPTY_BODY = YES;
				CLANG_WARN_ENUM_CONVERSION = YES;
				CLANG_WARN_INFINITE_RECURSION = YES;
				CLANG_WARN_INT_CONVERSION = YES;
				CLANG_WARN_NON_LITERAL_NULL_CONVERSION = YES;
				CLANG_WARN_OBJC_IMPLICIT_RETAIN_SELF = YES;
				CLANG_WARN_OBJC_LITERAL_CONVERSION = YES;
				CLANG_WARN_OBJC_ROOT_CLASS = YES_ERROR;
				CLANG_WARN_RANGE_LOOP_ANALYSIS = YES;
				CLANG_WARN_STRICT_PROTOTYPES = YES;
				CLANG_WARN_SUSPICIOUS_MOVE = YES;
				CLANG_WARN_UNGUARDED_AVAILABILITY = YES_AGGRESSIVE;
				CLANG_WARN_UNREACHABLE_CODE = YES;
				CLANG_WARN__DUPLICATE_METHOD_MATCH = YES;
				COPY_PHASE_STRIP = NO;
				CURRENT_PROJECT_VERSION = 1;
				DEBUG_INFORMATION_FORMAT = dwarf;
				ENABLE_STRICT_OBJC_MSGSEND = YES;
				ENABLE_TESTABILITY = YES;
				GCC_C_LANGUAGE_STANDARD = gnu11;
				GCC_DYNAMIC_NO_PIC = NO;
				GCC_NO_COMMON_BLOCKS = YES;
				GCC_OPTIMIZATION_LEVEL = 0;
				GCC_PREPROCESSOR_DEFINITIONS = (
					"DEBUG=1",
					"$(inherited)",
				);
				GCC_WARN_64_TO_32_BIT_CONVERSION = YES;
				GCC_WARN_ABOUT_RETURN_TYPE = YES_ERROR;
				GCC_WARN_UNDECLARED_SELECTOR = YES;
				GCC_WARN_UNINITIALIZED_AUTOS = YES_AGGRESSIVE;
				GCC_WARN_UNUSED_FUNCTION = YES;
				GCC_WARN_UNUSED_VARIABLE = YES;
				IPHONEOS_DEPLOYMENT_TARGET = 13.7;
				MTL_ENABLE_DEBUG_INFO = INCLUDE_SOURCE;
				MTL_FAST_MATH = YES;
				ONLY_ACTIVE_ARCH = YES;
				SDKROOT = iphoneos;
				SWIFT_ACTIVE_COMPILATION_CONDITIONS = DEBUG;
				SWIFT_OPTIMIZATION_LEVEL = "-Onone";
				VERSIONING_SYSTEM = "apple-generic";
				VERSION_INFO_PREFIX = "";
			};
			name = Debug;
		};
		AF7D10ED25036476000EAE98 /* Release */ = {
			isa = XCBuildConfiguration;
			buildSettings = {
				ALWAYS_SEARCH_USER_PATHS = NO;
				CLANG_ANALYZER_NONNULL = YES;
				CLANG_ANALYZER_NUMBER_OBJECT_CONVERSION = YES_AGGRESSIVE;
				CLANG_CXX_LANGUAGE_STANDARD = "gnu++14";
				CLANG_CXX_LIBRARY = "libc++";
				CLANG_ENABLE_MODULES = YES;
				CLANG_ENABLE_OBJC_ARC = YES;
				CLANG_ENABLE_OBJC_WEAK = YES;
				CLANG_WARN_BLOCK_CAPTURE_AUTORELEASING = YES;
				CLANG_WARN_BOOL_CONVERSION = YES;
				CLANG_WARN_COMMA = YES;
				CLANG_WARN_CONSTANT_CONVERSION = YES;
				CLANG_WARN_DEPRECATED_OBJC_IMPLEMENTATIONS = YES;
				CLANG_WARN_DIRECT_OBJC_ISA_USAGE = YES_ERROR;
				CLANG_WARN_DOCUMENTATION_COMMENTS = YES;
				CLANG_WARN_EMPTY_BODY = YES;
				CLANG_WARN_ENUM_CONVERSION = YES;
				CLANG_WARN_INFINITE_RECURSION = YES;
				CLANG_WARN_INT_CONVERSION = YES;
				CLANG_WARN_NON_LITERAL_NULL_CONVERSION = YES;
				CLANG_WARN_OBJC_IMPLICIT_RETAIN_SELF = YES;
				CLANG_WARN_OBJC_LITERAL_CONVERSION = YES;
				CLANG_WARN_OBJC_ROOT_CLASS = YES_ERROR;
				CLANG_WARN_RANGE_LOOP_ANALYSIS = YES;
				CLANG_WARN_STRICT_PROTOTYPES = YES;
				CLANG_WARN_SUSPICIOUS_MOVE = YES;
				CLANG_WARN_UNGUARDED_AVAILABILITY = YES_AGGRESSIVE;
				CLANG_WARN_UNREACHABLE_CODE = YES;
				CLANG_WARN__DUPLICATE_METHOD_MATCH = YES;
				COPY_PHASE_STRIP = NO;
				CURRENT_PROJECT_VERSION = 1;
				DEBUG_INFORMATION_FORMAT = "dwarf-with-dsym";
				ENABLE_NS_ASSERTIONS = NO;
				ENABLE_STRICT_OBJC_MSGSEND = YES;
				GCC_C_LANGUAGE_STANDARD = gnu11;
				GCC_NO_COMMON_BLOCKS = YES;
				GCC_WARN_64_TO_32_BIT_CONVERSION = YES;
				GCC_WARN_ABOUT_RETURN_TYPE = YES_ERROR;
				GCC_WARN_UNDECLARED_SELECTOR = YES;
				GCC_WARN_UNINITIALIZED_AUTOS = YES_AGGRESSIVE;
				GCC_WARN_UNUSED_FUNCTION = YES;
				GCC_WARN_UNUSED_VARIABLE = YES;
				IPHONEOS_DEPLOYMENT_TARGET = 13.7;
				MTL_ENABLE_DEBUG_INFO = NO;
				MTL_FAST_MATH = YES;
				SDKROOT = iphoneos;
				SWIFT_COMPILATION_MODE = wholemodule;
				SWIFT_OPTIMIZATION_LEVEL = "-O";
				VALIDATE_PRODUCT = YES;
				VERSIONING_SYSTEM = "apple-generic";
				VERSION_INFO_PREFIX = "";
			};
			name = Release;
		};
		AF7D10EF25036476000EAE98 /* Debug */ = {
			isa = XCBuildConfiguration;
			baseConfigurationReference = AEA5CE4F45F917F1D6DA7918 /* Pods-ApiRestClient.debug.xcconfig */;
			buildSettings = {
				CLANG_ENABLE_MODULES = YES;
				CODE_SIGN_STYLE = Automatic;
				DEFINES_MODULE = YES;
				DEVELOPMENT_TEAM = PYH5XH3SJ7;
				DYLIB_COMPATIBILITY_VERSION = 1;
				DYLIB_CURRENT_VERSION = 1;
				DYLIB_INSTALL_NAME_BASE = "@rpath";
				INFOPLIST_FILE = ApiRestClient/Info.plist;
				INSTALL_PATH = "$(LOCAL_LIBRARY_DIR)/Frameworks";
				LD_RUNPATH_SEARCH_PATHS = (
					"$(inherited)",
					"@executable_path/Frameworks",
					"@loader_path/Frameworks",
				);
				PRODUCT_BUNDLE_IDENTIFIER = com.trespies.ApiRestClient;
				PRODUCT_NAME = "$(TARGET_NAME:c99extidentifier)";
				SKIP_INSTALL = YES;
				SUPPORTS_MACCATALYST = NO;
				SWIFT_OPTIMIZATION_LEVEL = "-Onone";
				SWIFT_VERSION = 5.0;
				TARGETED_DEVICE_FAMILY = "1,2";
			};
			name = Debug;
		};
		AF7D10F025036476000EAE98 /* Release */ = {
			isa = XCBuildConfiguration;
			baseConfigurationReference = ED1F8ED5D1D9A8EC70A24571 /* Pods-ApiRestClient.release.xcconfig */;
			buildSettings = {
				CLANG_ENABLE_MODULES = YES;
				CODE_SIGN_STYLE = Automatic;
				DEFINES_MODULE = YES;
				DEVELOPMENT_TEAM = PYH5XH3SJ7;
				DYLIB_COMPATIBILITY_VERSION = 1;
				DYLIB_CURRENT_VERSION = 1;
				DYLIB_INSTALL_NAME_BASE = "@rpath";
				INFOPLIST_FILE = ApiRestClient/Info.plist;
				INSTALL_PATH = "$(LOCAL_LIBRARY_DIR)/Frameworks";
				LD_RUNPATH_SEARCH_PATHS = (
					"$(inherited)",
					"@executable_path/Frameworks",
					"@loader_path/Frameworks",
				);
				PRODUCT_BUNDLE_IDENTIFIER = com.trespies.ApiRestClient;
				PRODUCT_NAME = "$(TARGET_NAME:c99extidentifier)";
				SKIP_INSTALL = YES;
				SUPPORTS_MACCATALYST = NO;
				SWIFT_VERSION = 5.0;
				TARGETED_DEVICE_FAMILY = "1,2";
			};
			name = Release;
		};
/* End XCBuildConfiguration section */

/* Begin XCConfigurationList section */
		AF7D10E025036476000EAE98 /* Build configuration list for PBXProject "ApiRestClient" */ = {
			isa = XCConfigurationList;
			buildConfigurations = (
				AF7D10EC25036476000EAE98 /* Debug */,
				AF7D10ED25036476000EAE98 /* Release */,
			);
			defaultConfigurationIsVisible = 0;
			defaultConfigurationName = Release;
		};
		AF7D10EE25036476000EAE98 /* Build configuration list for PBXNativeTarget "ApiRestClient" */ = {
			isa = XCConfigurationList;
			buildConfigurations = (
				AF7D10EF25036476000EAE98 /* Debug */,
				AF7D10F025036476000EAE98 /* Release */,
			);
			defaultConfigurationIsVisible = 0;
			defaultConfigurationName = Release;
		};
/* End XCConfigurationList section */
	};
	rootObject = AF7D10DD25036476000EAE98 /* Project object */;
}
